{
  "name": "bank-api-mongo",
  "version": "1.0.0",
  "lockfileVersion": 2,
  "requires": true,
  "packages": {
    "": {
      "version": "1.0.0",
      "license": "ISC",
      "dependencies": {
        "dotenv": "^8.2.0",
        "israeli-id-validator": "^1.0.1"
      }
    },
    "node_modules/dotenv": {
      "version": "8.2.0",
      "resolved": "https://registry.npmjs.org/dotenv/-/dotenv-8.2.0.tgz",
      "integrity": "sha512-8sJ78ElpbDJBHNeBzUbUVLsqKdccaa/BXF1uPTw3GrvQTBgrQrtObr2mUrE38vzYd8cEv+m/JBfDLioYcfXoaw==",
      "engines": {
        "node": ">=8"
      }
    },
    "node_modules/israeli-id-validator": {
      "version": "1.0.1",
      "resolved": "https://registry.npmjs.org/israeli-id-validator/-/israeli-id-validator-1.0.1.tgz",
      "integrity": "sha512-t+71JwMXp3VTQl+zpJKnkQHUkhysrNzf+jeMbZ1mBVw9zomMJbZ40Brdl1MbruHj8OHwWe6AixIUa3vA7EjF0g=="
    }
  },
  "dependencies": {
    "dotenv": {
      "version": "8.2.0",
      "resolved": "https://registry.npmjs.org/dotenv/-/dotenv-8.2.0.tgz",
      "integrity": "sha512-8sJ78ElpbDJBHNeBzUbUVLsqKdccaa/BXF1uPTw3GrvQTBgrQrtObr2mUrE38vzYd8cEv+m/JBfDLioYcfXoaw=="
    },
    "israeli-id-validator": {
      "version": "1.0.1",
      "resolved": "https://registry.npmjs.org/israeli-id-validator/-/israeli-id-validator-1.0.1.tgz",
      "integrity": "sha512-t+71JwMXp3VTQl+zpJKnkQHUkhysrNzf+jeMbZ1mBVw9zomMJbZ40Brdl1MbruHj8OHwWe6AixIUa3vA7EjF0g=="
    }
  }
}
